// !$*UTF8*$!
{
	archiveVersion = 1;
	classes = {
	};
	objectVersion = 51;
	objects = {

/* Begin PBXBuildFile section */
		4905F37426725E7E006D51CC /* GitHubListVC.swift in Sources */ = {isa = PBXBuildFile; fileRef = 4905F37326725E7E006D51CC /* GitHubListVC.swift */; };
		4905F37826726819006D51CC /* GitHubListView.storyboard in Resources */ = {isa = PBXBuildFile; fileRef = 4905F37726726819006D51CC /* GitHubListView.storyboard */; };
		491DAEE02672D28A0023DCB7 /* RealmService.swift in Sources */ = {isa = PBXBuildFile; fileRef = 491DAEDF2672D28A0023DCB7 /* RealmService.swift */; };
		49307E4126724FA500039E62 /* AppDelegate.swift in Sources */ = {isa = PBXBuildFile; fileRef = 49307E4026724FA500039E62 /* AppDelegate.swift */; };
		49307E4A26724FA800039E62 /* Assets.xcassets in Resources */ = {isa = PBXBuildFile; fileRef = 49307E4926724FA800039E62 /* Assets.xcassets */; };
		49307E4D26724FA800039E62 /* LaunchScreen.storyboard in Resources */ = {isa = PBXBuildFile; fileRef = 49307E4B26724FA800039E62 /* LaunchScreen.storyboard */; };
		4930D18426729CC800ACB64F /* RepositoriesModel.swift in Sources */ = {isa = PBXBuildFile; fileRef = 4930D18326729CC800ACB64F /* RepositoriesModel.swift */; };
		4930D18626729F3000ACB64F /* ReposPresenter.swift in Sources */ = {isa = PBXBuildFile; fileRef = 4930D18526729F3000ACB64F /* ReposPresenter.swift */; };
		4930D18826729FAF00ACB64F /* RepoView.swift in Sources */ = {isa = PBXBuildFile; fileRef = 4930D18726729FAF00ACB64F /* RepoView.swift */; };
		4930D18B2672A35400ACB64F /* ReposListRepository.swift in Sources */ = {isa = PBXBuildFile; fileRef = 4930D18A2672A35400ACB64F /* ReposListRepository.swift */; };
		4930D18D2672A4FD00ACB64F /* ReposRouter.swift in Sources */ = {isa = PBXBuildFile; fileRef = 4930D18C2672A4FD00ACB64F /* ReposRouter.swift */; };
		4945E8DF26726B0700BF769F /* ListTableViewCell.swift in Sources */ = {isa = PBXBuildFile; fileRef = 4945E8DD26726B0700BF769F /* ListTableViewCell.swift */; };
		4945E8E026726B0700BF769F /* ListTableViewCell.xib in Resources */ = {isa = PBXBuildFile; fileRef = 4945E8DE26726B0700BF769F /* ListTableViewCell.xib */; };
		4945E8E226726BE500BF769F /* CardView.swift in Sources */ = {isa = PBXBuildFile; fileRef = 4945E8E126726BE500BF769F /* CardView.swift */; };
		4945E8E526726C4800BF769F /* GitHubListVC+TableView.swift in Sources */ = {isa = PBXBuildFile; fileRef = 4945E8E426726C4800BF769F /* GitHubListVC+TableView.swift */; };
		4945E8E726726C7700BF769F /* GitHubListVC+Search.swift in Sources */ = {isa = PBXBuildFile; fileRef = 4945E8E626726C7700BF769F /* GitHubListVC+Search.swift */; };
		4945E8E926726D4E00BF769F /* ImageManager.swift in Sources */ = {isa = PBXBuildFile; fileRef = 4945E8E826726D4E00BF769F /* ImageManager.swift */; };
		4945E8EB26726F2100BF769F /* ViewProtocols.swift in Sources */ = {isa = PBXBuildFile; fileRef = 4945E8EA26726F2100BF769F /* ViewProtocols.swift */; };
		4945E8ED26726F3A00BF769F /* NibLoadable.swift in Sources */ = {isa = PBXBuildFile; fileRef = 4945E8EC26726F3A00BF769F /* NibLoadable.swift */; };
		4945E8EF26726F5000BF769F /* Reusable.swift in Sources */ = {isa = PBXBuildFile; fileRef = 4945E8EE26726F5000BF769F /* Reusable.swift */; };
		4945E8F126726F6B00BF769F /* RootWireFrame.swift in Sources */ = {isa = PBXBuildFile; fileRef = 4945E8F026726F6B00BF769F /* RootWireFrame.swift */; };
		4945E8F326726F9100BF769F /* UITableView_Ext.swift in Sources */ = {isa = PBXBuildFile; fileRef = 4945E8F226726F9100BF769F /* UITableView_Ext.swift */; };
		4945E8F526726FB600BF769F /* Indicatable_Ext.swift in Sources */ = {isa = PBXBuildFile; fileRef = 4945E8F426726FB600BF769F /* Indicatable_Ext.swift */; };
		4945E8F726726FEE00BF769F /* Alertable_Ext.swift in Sources */ = {isa = PBXBuildFile; fileRef = 4945E8F626726FEE00BF769F /* Alertable_Ext.swift */; };
		4945E8F92672702200BF769F /* RootRouter.swift in Sources */ = {isa = PBXBuildFile; fileRef = 4945E8F82672702200BF769F /* RootRouter.swift */; };
		49C1043C26728F970007436A /* GitHubEndPoint.swift in Sources */ = {isa = PBXBuildFile; fileRef = 49C1043B26728F970007436A /* GitHubEndPoint.swift */; };
		49C1043E267290280007436A /* NetworkResponsable.swift in Sources */ = {isa = PBXBuildFile; fileRef = 49C1043D267290280007436A /* NetworkResponsable.swift */; };
		49C104402672903D0007436A /* NetworkResponseMessages.swift in Sources */ = {isa = PBXBuildFile; fileRef = 49C1043F2672903D0007436A /* NetworkResponseMessages.swift */; };
		49C10442267290560007436A /* ParameterEncoding.swift in Sources */ = {isa = PBXBuildFile; fileRef = 49C10441267290560007436A /* ParameterEncoding.swift */; };
		49C10444267290700007436A /* URLParameterEncoder.swift in Sources */ = {isa = PBXBuildFile; fileRef = 49C10443267290700007436A /* URLParameterEncoder.swift */; };
		49C10446267290860007436A /* JSONParameterEncoder.swift in Sources */ = {isa = PBXBuildFile; fileRef = 49C10445267290860007436A /* JSONParameterEncoder.swift */; };
		49C104482672909F0007436A /* NetworkRouter.swift in Sources */ = {isa = PBXBuildFile; fileRef = 49C104472672909F0007436A /* NetworkRouter.swift */; };
		49C1044A267290BE0007436A /* HTTPTask.swift in Sources */ = {isa = PBXBuildFile; fileRef = 49C10449267290BE0007436A /* HTTPTask.swift */; };
		49C1044C267290CE0007436A /* HTTPMethod.swift in Sources */ = {isa = PBXBuildFile; fileRef = 49C1044B267290CE0007436A /* HTTPMethod.swift */; };
		49C1044E267290E40007436A /* Router.swift in Sources */ = {isa = PBXBuildFile; fileRef = 49C1044D267290E40007436A /* Router.swift */; };
		49C10450267290F60007436A /* EndPointType.swift in Sources */ = {isa = PBXBuildFile; fileRef = 49C1044F267290F60007436A /* EndPointType.swift */; };
		4A90CA75416BC7686821C03C /* Pods_Github_Clone.framework in Frameworks */ = {isa = PBXBuildFile; fileRef = 055C0F7758C458A0E43D1809 /* Pods_Github_Clone.framework */; };
/* End PBXBuildFile section */

/* Begin PBXFileReference section */
		055C0F7758C458A0E43D1809 /* Pods_Github_Clone.framework */ = {isa = PBXFileReference; explicitFileType = wrapper.framework; includeInIndex = 0; path = Pods_Github_Clone.framework; sourceTree = BUILT_PRODUCTS_DIR; };
		4905F37326725E7E006D51CC /* GitHubListVC.swift */ = {isa = PBXFileReference; lastKnownFileType = sourcecode.swift; path = GitHubListVC.swift; sourceTree = "<group>"; };
		4905F37726726819006D51CC /* GitHubListView.storyboard */ = {isa = PBXFileReference; lastKnownFileType = file.storyboard; path = GitHubListView.storyboard; sourceTree = "<group>"; };
		491DAEDF2672D28A0023DCB7 /* RealmService.swift */ = {isa = PBXFileReference; lastKnownFileType = sourcecode.swift; path = RealmService.swift; sourceTree = "<group>"; };
		49307E3D26724FA500039E62 /* Github-Clone.app */ = {isa = PBXFileReference; explicitFileType = wrapper.application; includeInIndex = 0; path = "Github-Clone.app"; sourceTree = BUILT_PRODUCTS_DIR; };
		49307E4026724FA500039E62 /* AppDelegate.swift */ = {isa = PBXFileReference; lastKnownFileType = sourcecode.swift; path = AppDelegate.swift; sourceTree = "<group>"; };
		49307E4926724FA800039E62 /* Assets.xcassets */ = {isa = PBXFileReference; lastKnownFileType = folder.assetcatalog; path = Assets.xcassets; sourceTree = "<group>"; };
		49307E4C26724FA800039E62 /* Base */ = {isa = PBXFileReference; lastKnownFileType = file.storyboard; name = Base; path = Base.lproj/LaunchScreen.storyboard; sourceTree = "<group>"; };
		49307E4E26724FA800039E62 /* Info.plist */ = {isa = PBXFileReference; lastKnownFileType = text.plist.xml; path = Info.plist; sourceTree = "<group>"; };
		4930D18326729CC800ACB64F /* RepositoriesModel.swift */ = {isa = PBXFileReference; lastKnownFileType = sourcecode.swift; path = RepositoriesModel.swift; sourceTree = "<group>"; };
		4930D18526729F3000ACB64F /* ReposPresenter.swift */ = {isa = PBXFileReference; lastKnownFileType = sourcecode.swift; path = ReposPresenter.swift; sourceTree = "<group>"; };
		4930D18726729FAF00ACB64F /* RepoView.swift */ = {isa = PBXFileReference; lastKnownFileType = sourcecode.swift; path = RepoView.swift; sourceTree = "<group>"; };
		4930D18A2672A35400ACB64F /* ReposListRepository.swift */ = {isa = PBXFileReference; lastKnownFileType = sourcecode.swift; path = ReposListRepository.swift; sourceTree = "<group>"; };
		4930D18C2672A4FD00ACB64F /* ReposRouter.swift */ = {isa = PBXFileReference; lastKnownFileType = sourcecode.swift; path = ReposRouter.swift; sourceTree = "<group>"; };
		4945E8DD26726B0700BF769F /* ListTableViewCell.swift */ = {isa = PBXFileReference; lastKnownFileType = sourcecode.swift; path = ListTableViewCell.swift; sourceTree = "<group>"; };
		4945E8DE26726B0700BF769F /* ListTableViewCell.xib */ = {isa = PBXFileReference; lastKnownFileType = file.xib; path = ListTableViewCell.xib; sourceTree = "<group>"; };
		4945E8E126726BE500BF769F /* CardView.swift */ = {isa = PBXFileReference; lastKnownFileType = sourcecode.swift; path = CardView.swift; sourceTree = "<group>"; };
		4945E8E426726C4800BF769F /* GitHubListVC+TableView.swift */ = {isa = PBXFileReference; lastKnownFileType = sourcecode.swift; path = "GitHubListVC+TableView.swift"; sourceTree = "<group>"; };
		4945E8E626726C7700BF769F /* GitHubListVC+Search.swift */ = {isa = PBXFileReference; lastKnownFileType = sourcecode.swift; path = "GitHubListVC+Search.swift"; sourceTree = "<group>"; };
		4945E8E826726D4E00BF769F /* ImageManager.swift */ = {isa = PBXFileReference; lastKnownFileType = sourcecode.swift; path = ImageManager.swift; sourceTree = "<group>"; };
		4945E8EA26726F2100BF769F /* ViewProtocols.swift */ = {isa = PBXFileReference; lastKnownFileType = sourcecode.swift; path = ViewProtocols.swift; sourceTree = "<group>"; };
		4945E8EC26726F3A00BF769F /* NibLoadable.swift */ = {isa = PBXFileReference; lastKnownFileType = sourcecode.swift; path = NibLoadable.swift; sourceTree = "<group>"; };
		4945E8EE26726F5000BF769F /* Reusable.swift */ = {isa = PBXFileReference; lastKnownFileType = sourcecode.swift; path = Reusable.swift; sourceTree = "<group>"; };
		4945E8F026726F6B00BF769F /* RootWireFrame.swift */ = {isa = PBXFileReference; lastKnownFileType = sourcecode.swift; path = RootWireFrame.swift; sourceTree = "<group>"; };
		4945E8F226726F9100BF769F /* UITableView_Ext.swift */ = {isa = PBXFileReference; lastKnownFileType = sourcecode.swift; path = UITableView_Ext.swift; sourceTree = "<group>"; };
		4945E8F426726FB600BF769F /* Indicatable_Ext.swift */ = {isa = PBXFileReference; lastKnownFileType = sourcecode.swift; path = Indicatable_Ext.swift; sourceTree = "<group>"; };
		4945E8F626726FEE00BF769F /* Alertable_Ext.swift */ = {isa = PBXFileReference; lastKnownFileType = sourcecode.swift; path = Alertable_Ext.swift; sourceTree = "<group>"; };
		4945E8F82672702200BF769F /* RootRouter.swift */ = {isa = PBXFileReference; lastKnownFileType = sourcecode.swift; path = RootRouter.swift; sourceTree = "<group>"; };
		49C1043B26728F970007436A /* GitHubEndPoint.swift */ = {isa = PBXFileReference; lastKnownFileType = sourcecode.swift; path = GitHubEndPoint.swift; sourceTree = "<group>"; };
		49C1043D267290280007436A /* NetworkResponsable.swift */ = {isa = PBXFileReference; lastKnownFileType = sourcecode.swift; path = NetworkResponsable.swift; sourceTree = "<group>"; };
		49C1043F2672903D0007436A /* NetworkResponseMessages.swift */ = {isa = PBXFileReference; lastKnownFileType = sourcecode.swift; path = NetworkResponseMessages.swift; sourceTree = "<group>"; };
		49C10441267290560007436A /* ParameterEncoding.swift */ = {isa = PBXFileReference; lastKnownFileType = sourcecode.swift; path = ParameterEncoding.swift; sourceTree = "<group>"; };
		49C10443267290700007436A /* URLParameterEncoder.swift */ = {isa = PBXFileReference; lastKnownFileType = sourcecode.swift; path = URLParameterEncoder.swift; sourceTree = "<group>"; };
		49C10445267290860007436A /* JSONParameterEncoder.swift */ = {isa = PBXFileReference; lastKnownFileType = sourcecode.swift; path = JSONParameterEncoder.swift; sourceTree = "<group>"; };
		49C104472672909F0007436A /* NetworkRouter.swift */ = {isa = PBXFileReference; lastKnownFileType = sourcecode.swift; path = NetworkRouter.swift; sourceTree = "<group>"; };
		49C10449267290BE0007436A /* HTTPTask.swift */ = {isa = PBXFileReference; lastKnownFileType = sourcecode.swift; path = HTTPTask.swift; sourceTree = "<group>"; };
		49C1044B267290CE0007436A /* HTTPMethod.swift */ = {isa = PBXFileReference; lastKnownFileType = sourcecode.swift; path = HTTPMethod.swift; sourceTree = "<group>"; };
		49C1044D267290E40007436A /* Router.swift */ = {isa = PBXFileReference; lastKnownFileType = sourcecode.swift; path = Router.swift; sourceTree = "<group>"; };
		49C1044F267290F60007436A /* EndPointType.swift */ = {isa = PBXFileReference; lastKnownFileType = sourcecode.swift; path = EndPointType.swift; sourceTree = "<group>"; };
		CB84B4BA7B1320EDACCD16C0 /* Pods-Github-Clone.release.xcconfig */ = {isa = PBXFileReference; includeInIndex = 1; lastKnownFileType = text.xcconfig; name = "Pods-Github-Clone.release.xcconfig"; path = "Target Support Files/Pods-Github-Clone/Pods-Github-Clone.release.xcconfig"; sourceTree = "<group>"; };
		F414FC6A15FBA7A0D7DA2BD9 /* Pods-Github-Clone.debug.xcconfig */ = {isa = PBXFileReference; includeInIndex = 1; lastKnownFileType = text.xcconfig; name = "Pods-Github-Clone.debug.xcconfig"; path = "Target Support Files/Pods-Github-Clone/Pods-Github-Clone.debug.xcconfig"; sourceTree = "<group>"; };
/* End PBXFileReference section */

/* Begin PBXFrameworksBuildPhase section */
		49307E3A26724FA500039E62 /* Frameworks */ = {
			isa = PBXFrameworksBuildPhase;
			buildActionMask = 2147483647;
			files = (
				4A90CA75416BC7686821C03C /* Pods_Github_Clone.framework in Frameworks */,
			);
			runOnlyForDeploymentPostprocessing = 0;
		};
/* End PBXFrameworksBuildPhase section */

/* Begin PBXGroup section */
		44DF4CA62B328EA4FF910242 /* Frameworks */ = {
			isa = PBXGroup;
			children = (
				055C0F7758C458A0E43D1809 /* Pods_Github_Clone.framework */,
			);
			name = Frameworks;
			sourceTree = "<group>";
		};
		4905F36926725DD5006D51CC /* Network */ = {
			isa = PBXGroup;
			children = (
				49C1043A26728F600007436A /* Service */,
				49C1043926728F5A0007436A /* Endpoint */,
				49C1043826728F560007436A /* Manager */,
				49C1043726728F4C0007436A /* Encoding */,
			);
			path = Network;
			sourceTree = "<group>";
		};
		4905F36A26725E0C006D51CC /* Protocols */ = {
			isa = PBXGroup;
			children = (
				4945E8EA26726F2100BF769F /* ViewProtocols.swift */,
				4945E8EC26726F3A00BF769F /* NibLoadable.swift */,
				4945E8EE26726F5000BF769F /* Reusable.swift */,
				4945E8F026726F6B00BF769F /* RootWireFrame.swift */,
			);
			path = Protocols;
			sourceTree = "<group>";
		};
		4905F36B26725E12006D51CC /* Extensions */ = {
			isa = PBXGroup;
			children = (
				4945E8F226726F9100BF769F /* UITableView_Ext.swift */,
				4945E8F426726FB600BF769F /* Indicatable_Ext.swift */,
				4945E8F626726FEE00BF769F /* Alertable_Ext.swift */,
			);
			path = Extensions;
			sourceTree = "<group>";
		};
		4905F36C26725E17006D51CC /* Helper */ = {
			isa = PBXGroup;
			children = (
				4945E8E826726D4E00BF769F /* ImageManager.swift */,
				4945E8F82672702200BF769F /* RootRouter.swift */,
			);
			path = Helper;
			sourceTree = "<group>";
		};
		4905F36D26725E24006D51CC /* CustomLayout */ = {
			isa = PBXGroup;
			children = (
				4945E8E126726BE500BF769F /* CardView.swift */,
			);
			path = CustomLayout;
			sourceTree = "<group>";
		};
		4905F36E26725E2E006D51CC /* Scenes */ = {
			isa = PBXGroup;
			children = (
				4905F36F26725E3D006D51CC /* GitHub Repos */,
			);
			path = Scenes;
			sourceTree = "<group>";
		};
		4905F36F26725E3D006D51CC /* GitHub Repos */ = {
			isa = PBXGroup;
			children = (
				4930D18C2672A4FD00ACB64F /* ReposRouter.swift */,
				4930D1892672A33900ACB64F /* Repository */,
				4905F37226725E53006D51CC /* Presenter */,
				4905F37126725E4E006D51CC /* View */,
				4905F37026725E48006D51CC /* Model */,
			);
			path = "GitHub Repos";
			sourceTree = "<group>";
		};
		4905F37026725E48006D51CC /* Model */ = {
			isa = PBXGroup;
			children = (
				4930D18326729CC800ACB64F /* RepositoriesModel.swift */,
			);
			name = Model;
			sourceTree = "<group>";
		};
		4905F37126725E4E006D51CC /* View */ = {
			isa = PBXGroup;
			children = (
				4945E8DC26726AE900BF769F /* ReposTVC */,
				4945E8E326726C2300BF769F /* ReposList */,
			);
			name = View;
			sourceTree = "<group>";
		};
		4905F37226725E53006D51CC /* Presenter */ = {
			isa = PBXGroup;
			children = (
				4930D18526729F3000ACB64F /* ReposPresenter.swift */,
				4930D18726729FAF00ACB64F /* RepoView.swift */,
			);
			name = Presenter;
			sourceTree = "<group>";
		};
		491DAEDE2672D2680023DCB7 /* RealmServices */ = {
			isa = PBXGroup;
			children = (
				491DAEDF2672D28A0023DCB7 /* RealmService.swift */,
			);
			path = RealmServices;
			sourceTree = "<group>";
		};
		49307E3426724FA500039E62 = {
			isa = PBXGroup;
			children = (
				49307E3F26724FA500039E62 /* Github-Clone */,
				49307E3E26724FA500039E62 /* Products */,
				BEF27384F882D56EDA01750B /* Pods */,
				44DF4CA62B328EA4FF910242 /* Frameworks */,
			);
			sourceTree = "<group>";
		};
		49307E3E26724FA500039E62 /* Products */ = {
			isa = PBXGroup;
			children = (
				49307E3D26724FA500039E62 /* Github-Clone.app */,
			);
			name = Products;
			sourceTree = "<group>";
		};
		49307E3F26724FA500039E62 /* Github-Clone */ = {
			isa = PBXGroup;
			children = (
				491DAEDE2672D2680023DCB7 /* RealmServices */,
				4905F36D26725E24006D51CC /* CustomLayout */,
				4905F36C26725E17006D51CC /* Helper */,
				4905F36B26725E12006D51CC /* Extensions */,
				4905F36A26725E0C006D51CC /* Protocols */,
				4905F36926725DD5006D51CC /* Network */,
				497D9B1726725D87000CB8B4 /* Resources */,
				497D9B1626725D7C000CB8B4 /* AppDelegate */,
				4905F36E26725E2E006D51CC /* Scenes */,
			);
			path = "Github-Clone";
			sourceTree = "<group>";
		};
		4930D1892672A33900ACB64F /* Repository */ = {
			isa = PBXGroup;
			children = (
				4930D18A2672A35400ACB64F /* ReposListRepository.swift */,
			);
			name = Repository;
			sourceTree = "<group>";
		};
		4945E8DC26726AE900BF769F /* ReposTVC */ = {
			isa = PBXGroup;
			children = (
				4945E8DD26726B0700BF769F /* ListTableViewCell.swift */,
				4945E8DE26726B0700BF769F /* ListTableViewCell.xib */,
			);
			name = ReposTVC;
			sourceTree = "<group>";
		};
		4945E8E326726C2300BF769F /* ReposList */ = {
			isa = PBXGroup;
			children = (
				4905F37326725E7E006D51CC /* GitHubListVC.swift */,
				4945E8E426726C4800BF769F /* GitHubListVC+TableView.swift */,
				4945E8E626726C7700BF769F /* GitHubListVC+Search.swift */,
				4905F37726726819006D51CC /* GitHubListView.storyboard */,
			);
			name = ReposList;
			sourceTree = "<group>";
		};
		497D9B1626725D7C000CB8B4 /* AppDelegate */ = {
			isa = PBXGroup;
			children = (
				49307E4026724FA500039E62 /* AppDelegate.swift */,
			);
			path = AppDelegate;
			sourceTree = "<group>";
		};
		497D9B1726725D87000CB8B4 /* Resources */ = {
			isa = PBXGroup;
			children = (
				49307E4926724FA800039E62 /* Assets.xcassets */,
				49307E4B26724FA800039E62 /* LaunchScreen.storyboard */,
				49307E4E26724FA800039E62 /* Info.plist */,
			);
			path = Resources;
			sourceTree = "<group>";
		};
		49C1043726728F4C0007436A /* Encoding */ = {
			isa = PBXGroup;
			children = (
				49C10441267290560007436A /* ParameterEncoding.swift */,
				49C10443267290700007436A /* URLParameterEncoder.swift */,
				49C10445267290860007436A /* JSONParameterEncoder.swift */,
			);
			path = Encoding;
			sourceTree = "<group>";
		};
		49C1043826728F560007436A /* Manager */ = {
			isa = PBXGroup;
			children = (
				49C1043D267290280007436A /* NetworkResponsable.swift */,
				49C1043F2672903D0007436A /* NetworkResponseMessages.swift */,
			);
			path = Manager;
			sourceTree = "<group>";
		};
		49C1043926728F5A0007436A /* Endpoint */ = {
			isa = PBXGroup;
			children = (
				49C1043B26728F970007436A /* GitHubEndPoint.swift */,
			);
			path = Endpoint;
			sourceTree = "<group>";
		};
		49C1043A26728F600007436A /* Service */ = {
			isa = PBXGroup;
			children = (
				49C104472672909F0007436A /* NetworkRouter.swift */,
				49C10449267290BE0007436A /* HTTPTask.swift */,
				49C1044B267290CE0007436A /* HTTPMethod.swift */,
				49C1044D267290E40007436A /* Router.swift */,
				49C1044F267290F60007436A /* EndPointType.swift */,
			);
			path = Service;
			sourceTree = "<group>";
		};
		BEF27384F882D56EDA01750B /* Pods */ = {
			isa = PBXGroup;
			children = (
				F414FC6A15FBA7A0D7DA2BD9 /* Pods-Github-Clone.debug.xcconfig */,
				CB84B4BA7B1320EDACCD16C0 /* Pods-Github-Clone.release.xcconfig */,
			);
			path = Pods;
			sourceTree = "<group>";
		};
/* End PBXGroup section */

/* Begin PBXNativeTarget section */
		49307E3C26724FA500039E62 /* Github-Clone */ = {
			isa = PBXNativeTarget;
			buildConfigurationList = 49307E5126724FA800039E62 /* Build configuration list for PBXNativeTarget "Github-Clone" */;
			buildPhases = (
				A82CF785BA6250E8A6C09689 /* [CP] Check Pods Manifest.lock */,
				49307E3926724FA500039E62 /* Sources */,
				49307E3A26724FA500039E62 /* Frameworks */,
				49307E3B26724FA500039E62 /* Resources */,
				CA7F1B2658E2342FF837C475 /* [CP] Embed Pods Frameworks */,
			);
			buildRules = (
			);
			dependencies = (
			);
			name = "Github-Clone";
			productName = "Github-Clone";
			productReference = 49307E3D26724FA500039E62 /* Github-Clone.app */;
			productType = "com.apple.product-type.application";
		};
/* End PBXNativeTarget section */

/* Begin PBXProject section */
		49307E3526724FA500039E62 /* Project object */ = {
			isa = PBXProject;
			attributes = {
				LastSwiftUpdateCheck = 1150;
				LastUpgradeCheck = 1150;
				ORGANIZATIONNAME = Andrew;
				TargetAttributes = {
					49307E3C26724FA500039E62 = {
						CreatedOnToolsVersion = 11.5;
					};
				};
			};
			buildConfigurationList = 49307E3826724FA500039E62 /* Build configuration list for PBXProject "Github-Clone" */;
			compatibilityVersion = "Xcode 9.3";
			developmentRegion = en;
			hasScannedForEncodings = 0;
			knownRegions = (
				en,
				Base,
			);
			mainGroup = 49307E3426724FA500039E62;
			productRefGroup = 49307E3E26724FA500039E62 /* Products */;
			projectDirPath = "";
			projectRoot = "";
			targets = (
				49307E3C26724FA500039E62 /* Github-Clone */,
			);
		};
/* End PBXProject section */

/* Begin PBXResourcesBuildPhase section */
		49307E3B26724FA500039E62 /* Resources */ = {
			isa = PBXResourcesBuildPhase;
			buildActionMask = 2147483647;
			files = (
				49307E4D26724FA800039E62 /* LaunchScreen.storyboard in Resources */,
				4945E8E026726B0700BF769F /* ListTableViewCell.xib in Resources */,
				4905F37826726819006D51CC /* GitHubListView.storyboard in Resources */,
				49307E4A26724FA800039E62 /* Assets.xcassets in Resources */,
			);
			runOnlyForDeploymentPostprocessing = 0;
		};
/* End PBXResourcesBuildPhase section */

/* Begin PBXShellScriptBuildPhase section */
		A82CF785BA6250E8A6C09689 /* [CP] Check Pods Manifest.lock */ = {
			isa = PBXShellScriptBuildPhase;
			buildActionMask = 2147483647;
			files = (
			);
			inputFileListPaths = (
			);
			inputPaths = (
				"${PODS_PODFILE_DIR_PATH}/Podfile.lock",
				"${PODS_ROOT}/Manifest.lock",
			);
			name = "[CP] Check Pods Manifest.lock";
			outputFileListPaths = (
			);
			outputPaths = (
				"$(DERIVED_FILE_DIR)/Pods-Github-Clone-checkManifestLockResult.txt",
			);
			runOnlyForDeploymentPostprocessing = 0;
			shellPath = /bin/sh;
			shellScript = "diff \"${PODS_PODFILE_DIR_PATH}/Podfile.lock\" \"${PODS_ROOT}/Manifest.lock\" > /dev/null\nif [ $? != 0 ] ; then\n    # print error to STDERR\n    echo \"error: The sandbox is not in sync with the Podfile.lock. Run 'pod install' or update your CocoaPods installation.\" >&2\n    exit 1\nfi\n# This output is used by Xcode 'outputs' to avoid re-running this script phase.\necho \"SUCCESS\" > \"${SCRIPT_OUTPUT_FILE_0}\"\n";
			showEnvVarsInLog = 0;
		};
		CA7F1B2658E2342FF837C475 /* [CP] Embed Pods Frameworks */ = {
			isa = PBXShellScriptBuildPhase;
			buildActionMask = 2147483647;
			files = (
			);
			inputFileListPaths = (
				"${PODS_ROOT}/Target Support Files/Pods-Github-Clone/Pods-Github-Clone-frameworks-${CONFIGURATION}-input-files.xcfilelist",
			);
			name = "[CP] Embed Pods Frameworks";
			outputFileListPaths = (
				"${PODS_ROOT}/Target Support Files/Pods-Github-Clone/Pods-Github-Clone-frameworks-${CONFIGURATION}-output-files.xcfilelist",
			);
			runOnlyForDeploymentPostprocessing = 0;
			shellPath = /bin/sh;
			shellScript = "\"${PODS_ROOT}/Target Support Files/Pods-Github-Clone/Pods-Github-Clone-frameworks.sh\"\n";
			showEnvVarsInLog = 0;
		};
/* End PBXShellScriptBuildPhase section */

/* Begin PBXSourcesBuildPhase section */
		49307E3926724FA500039E62 /* Sources */ = {
			isa = PBXSourcesBuildPhase;
			buildActionMask = 2147483647;
			files = (
				49307E4126724FA500039E62 /* AppDelegate.swift in Sources */,
				49C1043E267290280007436A /* NetworkResponsable.swift in Sources */,
				49C10442267290560007436A /* ParameterEncoding.swift in Sources */,
				4930D18426729CC800ACB64F /* RepositoriesModel.swift in Sources */,
				4930D18826729FAF00ACB64F /* RepoView.swift in Sources */,
				4930D18626729F3000ACB64F /* ReposPresenter.swift in Sources */,
				49C104482672909F0007436A /* NetworkRouter.swift in Sources */,
				4945E8F92672702200BF769F /* RootRouter.swift in Sources */,
				4930D18B2672A35400ACB64F /* ReposListRepository.swift in Sources */,
				49C10446267290860007436A /* JSONParameterEncoder.swift in Sources */,
				4945E8F326726F9100BF769F /* UITableView_Ext.swift in Sources */,
				49C1043C26728F970007436A /* GitHubEndPoint.swift in Sources */,
				49C1044C267290CE0007436A /* HTTPMethod.swift in Sources */,
				4945E8F126726F6B00BF769F /* RootWireFrame.swift in Sources */,
				4945E8F526726FB600BF769F /* Indicatable_Ext.swift in Sources */,
				491DAEE02672D28A0023DCB7 /* RealmService.swift in Sources */,
				49C10450267290F60007436A /* EndPointType.swift in Sources */,
				4945E8E526726C4800BF769F /* GitHubListVC+TableView.swift in Sources */,
				49C1044E267290E40007436A /* Router.swift in Sources */,
				4945E8E926726D4E00BF769F /* ImageManager.swift in Sources */,
				49C1044A267290BE0007436A /* HTTPTask.swift in Sources */,
				4945E8ED26726F3A00BF769F /* NibLoadable.swift in Sources */,
				49C10444267290700007436A /* URLParameterEncoder.swift in Sources */,
				4930D18D2672A4FD00ACB64F /* ReposRouter.swift in Sources */,
				4945E8EF26726F5000BF769F /* Reusable.swift in Sources */,
				4945E8F726726FEE00BF769F /* Alertable_Ext.swift in Sources */,
				4905F37426725E7E006D51CC /* GitHubListVC.swift in Sources */,
				49C104402672903D0007436A /* NetworkResponseMessages.swift in Sources */,
				4945E8E226726BE500BF769F /* CardView.swift in Sources */,
				4945E8DF26726B0700BF769F /* ListTableViewCell.swift in Sources */,
				4945E8EB26726F2100BF769F /* ViewProtocols.swift in Sources */,
				4945E8E726726C7700BF769F /* GitHubListVC+Search.swift in Sources */,
			);
			runOnlyForDeploymentPostprocessing = 0;
		};
/* End PBXSourcesBuildPhase section */

/* Begin PBXVariantGroup section */
		49307E4B26724FA800039E62 /* LaunchScreen.storyboard */ = {
			isa = PBXVariantGroup;
			children = (
				49307E4C26724FA800039E62 /* Base */,
			);
			name = LaunchScreen.storyboard;
			sourceTree = "<group>";
		};
/* End PBXVariantGroup section */

/* Begin XCBuildConfiguration section */
		49307E4F26724FA800039E62 /* Debug */ = {
			isa = XCBuildConfiguration;
			buildSettings = {
				ALWAYS_SEARCH_USER_PATHS = NO;
				CLANG_ANALYZER_NONNULL = YES;
				CLANG_ANALYZER_NUMBER_OBJECT_CONVERSION = YES_AGGRESSIVE;
				CLANG_CXX_LANGUAGE_STANDARD = "gnu++14";
				CLANG_CXX_LIBRARY = "libc++";
				CLANG_ENABLE_MODULES = YES;
				CLANG_ENABLE_OBJC_ARC = YES;
				CLANG_ENABLE_OBJC_WEAK = YES;
				CLANG_WARN_BLOCK_CAPTURE_AUTORELEASING = YES;
				CLANG_WARN_BOOL_CONVERSION = YES;
				CLANG_WARN_COMMA = YES;
				CLANG_WARN_CONSTANT_CONVERSION = YES;
				CLANG_WARN_DEPRECATED_OBJC_IMPLEMENTATIONS = YES;
				CLANG_WARN_DIRECT_OBJC_ISA_USAGE = YES_ERROR;
				CLANG_WARN_DOCUMENTATION_COMMENTS = YES;
				CLANG_WARN_EMPTY_BODY = YES;
				CLANG_WARN_ENUM_CONVERSION = YES;
				CLANG_WARN_INFINITE_RECURSION = YES;
				CLANG_WARN_INT_CONVERSION = YES;
				CLANG_WARN_NON_LITERAL_NULL_CONVERSION = YES;
				CLANG_WARN_OBJC_IMPLICIT_RETAIN_SELF = YES;
				CLANG_WARN_OBJC_LITERAL_CONVERSION = YES;
				CLANG_WARN_OBJC_ROOT_CLASS = YES_ERROR;
				CLANG_WARN_RANGE_LOOP_ANALYSIS = YES;
				CLANG_WARN_STRICT_PROTOTYPES = YES;
				CLANG_WARN_SUSPICIOUS_MOVE = YES;
				CLANG_WARN_UNGUARDED_AVAILABILITY = YES_AGGRESSIVE;
				CLANG_WARN_UNREACHABLE_CODE = YES;
				CLANG_WARN__DUPLICATE_METHOD_MATCH = YES;
				COPY_PHASE_STRIP = NO;
				DEBUG_INFORMATION_FORMAT = dwarf;
				ENABLE_STRICT_OBJC_MSGSEND = YES;
				ENABLE_TESTABILITY = YES;
				GCC_C_LANGUAGE_STANDARD = gnu11;
				GCC_DYNAMIC_NO_PIC = NO;
				GCC_NO_COMMON_BLOCKS = YES;
				GCC_OPTIMIZATION_LEVEL = 0;
				GCC_PREPROCESSOR_DEFINITIONS = (
					"DEBUG=1",
					"$(inherited)",
				);
				GCC_WARN_64_TO_32_BIT_CONVERSION = YES;
				GCC_WARN_ABOUT_RETURN_TYPE = YES_ERROR;
				GCC_WARN_UNDECLARED_SELECTOR = YES;
				GCC_WARN_UNINITIALIZED_AUTOS = YES_AGGRESSIVE;
				GCC_WARN_UNUSED_FUNCTION = YES;
				GCC_WARN_UNUSED_VARIABLE = YES;
				IPHONEOS_DEPLOYMENT_TARGET = 13.5;
				MTL_ENABLE_DEBUG_INFO = INCLUDE_SOURCE;
				MTL_FAST_MATH = YES;
				ONLY_ACTIVE_ARCH = YES;
				SDKROOT = iphoneos;
				SWIFT_ACTIVE_COMPILATION_CONDITIONS = DEBUG;
				SWIFT_OPTIMIZATION_LEVEL = "-Onone";
			};
			name = Debug;
		};
		49307E5026724FA800039E62 /* Release */ = {
			isa = XCBuildConfiguration;
			buildSettings = {
				ALWAYS_SEARCH_USER_PATHS = NO;
				CLANG_ANALYZER_NONNULL = YES;
				CLANG_ANALYZER_NUMBER_OBJECT_CONVERSION = YES_AGGRESSIVE;
				CLANG_CXX_LANGUAGE_STANDARD = "gnu++14";
				CLANG_CXX_LIBRARY = "libc++";
				CLANG_ENABLE_MODULES = YES;
				CLANG_ENABLE_OBJC_ARC = YES;
				CLANG_ENABLE_OBJC_WEAK = YES;
				CLANG_WARN_BLOCK_CAPTURE_AUTORELEASING = YES;
				CLANG_WARN_BOOL_CONVERSION = YES;
				CLANG_WARN_COMMA = YES;
				CLANG_WARN_CONSTANT_CONVERSION = YES;
				CLANG_WARN_DEPRECATED_OBJC_IMPLEMENTATIONS = YES;
				CLANG_WARN_DIRECT_OBJC_ISA_USAGE = YES_ERROR;
				CLANG_WARN_DOCUMENTATION_COMMENTS = YES;
				CLANG_WARN_EMPTY_BODY = YES;
				CLANG_WARN_ENUM_CONVERSION = YES;
				CLANG_WARN_INFINITE_RECURSION = YES;
				CLANG_WARN_INT_CONVERSION = YES;
				CLANG_WARN_NON_LITERAL_NULL_CONVERSION = YES;
				CLANG_WARN_OBJC_IMPLICIT_RETAIN_SELF = YES;
				CLANG_WARN_OBJC_LITERAL_CONVERSION = YES;
				CLANG_WARN_OBJC_ROOT_CLASS = YES_ERROR;
				CLANG_WARN_RANGE_LOOP_ANALYSIS = YES;
				CLANG_WARN_STRICT_PROTOTYPES = YES;
				CLANG_WARN_SUSPICIOUS_MOVE = YES;
				CLANG_WARN_UNGUARDED_AVAILABILITY = YES_AGGRESSIVE;
				CLANG_WARN_UNREACHABLE_CODE = YES;
				CLANG_WARN__DUPLICATE_METHOD_MATCH = YES;
				COPY_PHASE_STRIP = NO;
				DEBUG_INFORMATION_FORMAT = "dwarf-with-dsym";
				ENABLE_NS_ASSERTIONS = NO;
				ENABLE_STRICT_OBJC_MSGSEND = YES;
				GCC_C_LANGUAGE_STANDARD = gnu11;
				GCC_NO_COMMON_BLOCKS = YES;
				GCC_WARN_64_TO_32_BIT_CONVERSION = YES;
				GCC_WARN_ABOUT_RETURN_TYPE = YES_ERROR;
				GCC_WARN_UNDECLARED_SELECTOR = YES;
				GCC_WARN_UNINITIALIZED_AUTOS = YES_AGGRESSIVE;
				GCC_WARN_UNUSED_FUNCTION = YES;
				GCC_WARN_UNUSED_VARIABLE = YES;
				IPHONEOS_DEPLOYMENT_TARGET = 13.5;
				MTL_ENABLE_DEBUG_INFO = NO;
				MTL_FAST_MATH = YES;
				SDKROOT = iphoneos;
				SWIFT_COMPILATION_MODE = wholemodule;
				SWIFT_OPTIMIZATION_LEVEL = "-O";
				VALIDATE_PRODUCT = YES;
			};
			name = Release;
		};
		49307E5226724FA800039E62 /* Debug */ = {
			isa = XCBuildConfiguration;
			baseConfigurationReference = F414FC6A15FBA7A0D7DA2BD9 /* Pods-Github-Clone.debug.xcconfig */;
			buildSettings = {
				ASSETCATALOG_COMPILER_APPICON_NAME = AppIcon;
				CODE_SIGN_STYLE = Automatic;
				DEVELOPMENT_TEAM = K8CQRWZD84;
				INFOPLIST_FILE = "$(SRCROOT)/Github-Clone/Resources/Info.plist";
				LD_RUNPATH_SEARCH_PATHS = (
					"$(inherited)",
					"@executable_path/Frameworks",
				);
				PRODUCT_BUNDLE_IDENTIFIER = "com.-.Github-Clone";
				PRODUCT_NAME = "$(TARGET_NAME)";
				SWIFT_VERSION = 5.0;
				TARGETED_DEVICE_FAMILY = "1,2";
			};
			name = Debug;
		};
		49307E5326724FA800039E62 /* Release */ = {
			isa = XCBuildConfiguration;
			baseConfigurationReference = CB84B4BA7B1320EDACCD16C0 /* Pods-Github-Clone.release.xcconfig */;
			buildSettings = {
				ASSETCATALOG_COMPILER_APPICON_NAME = AppIcon;
				CODE_SIGN_STYLE = Automatic;
				DEVELOPMENT_TEAM = K8CQRWZD84;
				INFOPLIST_FILE = "$(SRCROOT)/Github-Clone/Resources/Info.plist";
				LD_RUNPATH_SEARCH_PATHS = (
					"$(inherited)",
					"@executable_path/Frameworks",
				);
				PRODUCT_BUNDLE_IDENTIFIER = "com.-.Github-Clone";
				PRODUCT_NAME = "$(TARGET_NAME)";
				SWIFT_VERSION = 5.0;
				TARGETED_DEVICE_FAMILY = "1,2";
			};
			name = Release;
		};
/* End XCBuildConfiguration section */

/* Begin XCConfigurationList section */
		49307E3826724FA500039E62 /* Build configuration list for PBXProject "Github-Clone" */ = {
			isa = XCConfigurationList;
			buildConfigurations = (
				49307E4F26724FA800039E62 /* Debug */,
				49307E5026724FA800039E62 /* Release */,
			);
			defaultConfigurationIsVisible = 0;
			defaultConfigurationName = Release;
		};
		49307E5126724FA800039E62 /* Build configuration list for PBXNativeTarget "Github-Clone" */ = {
			isa = XCConfigurationList;
			buildConfigurations = (
				49307E5226724FA800039E62 /* Debug */,
				49307E5326724FA800039E62 /* Release */,
			);
			defaultConfigurationIsVisible = 0;
			defaultConfigurationName = Release;
		};
/* End XCConfigurationList section */
	};
	rootObject = 49307E3526724FA500039E62 /* Project object */;
}
